
Microsoft Visual Studio Solution File, Format Version 12.00
# Visual Studio Version 17
VisualStudioVersion = 17.4.33213.308
MinimumVisualStudioVersion = 10.0.40219.1
Project("{9A19103F-16F7-4668-BE54-9A1E7A4F7556}") = "ChurnZero.Sdk", "ChurnZero.Sdk\ChurnZero.Sdk.csproj", "{23E89A37-4AFB-476F-8089-29C4394AB7C8}"
EndProject
Project("{9A19103F-16F7-4668-BE54-9A1E7A4F7556}") = "ChurnZero.SampleDotnet7Console", "ChurnZero.SampleDotnet7Console\ChurnZero.SampleDotnet7Console.csproj", "{7CCBF5C5-8F18-4C8C-AA85-2331D6FCD2B6}"
EndProject
Project("{FAE04EC0-301F-11D3-BF4B-00C04F79EFBC}") = "ChurnZero.Sdk.Tests", "ChurnZero.Sdk.Tests\ChurnZero.Sdk.Tests.csproj", "{0411BDFB-9395-49D6-AE56-E1ACAD9014FA}"
EndProject
Project("{2150E333-8FDC-42A3-9474-1A3956D46DE8}") = "GitHub Actions", "GitHub Actions", "{5B061DE6-BDE4-40D4-8AC1-13E8EF4FA214}"
	ProjectSection(SolutionItems) = preProject
		.github\workflows\build-only.yml = .github\workflows\build-only.yml
		.github\workflows\nuget-publish.yml = .github\workflows\nuget-publish.yml
	EndProjectSection
EndProject
Project("{FAE04EC0-301F-11D3-BF4B-00C04F79EFBC}") = "ChurnZero.SampleDotnet7WebApi", "ChurnZero.SampleDotnet7WebApi\ChurnZero.SampleDotnet7WebApi.csproj", "{13B67311-4BA6-4360-8F3A-BE9D85E4AF59}"
EndProject
Global
	GlobalSection(SolutionConfigurationPlatforms) = preSolution
		Debug|Any CPU = Debug|Any CPU
		Release|Any CPU = Release|Any CPU
	EndGlobalSection
	GlobalSection(ProjectConfigurationPlatforms) = postSolution
		{23E89A37-4AFB-476F-8089-29C4394AB7C8}.Debug|Any CPU.ActiveCfg = Debug|Any CPU
		{23E89A37-4AFB-476F-8089-29C4394AB7C8}.Debug|Any CPU.Build.0 = Debug|Any CPU
		{23E89A37-4AFB-476F-8089-29C4394AB7C8}.Release|Any CPU.ActiveCfg = Release|Any CPU
		{23E89A37-4AFB-476F-8089-29C4394AB7C8}.Release|Any CPU.Build.0 = Release|Any CPU
		{7CCBF5C5-8F18-4C8C-AA85-2331D6FCD2B6}.Debug|Any CPU.ActiveCfg = Debug|Any CPU
		{7CCBF5C5-8F18-4C8C-AA85-2331D6FCD2B6}.Debug|Any CPU.Build.0 = Debug|Any CPU
		{7CCBF5C5-8F18-4C8C-AA85-2331D6FCD2B6}.Release|Any CPU.ActiveCfg = Release|Any CPU
		{7CCBF5C5-8F18-4C8C-AA85-2331D6FCD2B6}.Release|Any CPU.Build.0 = Release|Any CPU
		{0411BDFB-9395-49D6-AE56-E1ACAD9014FA}.Debug|Any CPU.ActiveCfg = Debug|Any CPU
		{0411BDFB-9395-49D6-AE56-E1ACAD9014FA}.Debug|Any CPU.Build.0 = Debug|Any CPU
		{0411BDFB-9395-49D6-AE56-E1ACAD9014FA}.Release|Any CPU.ActiveCfg = Release|Any CPU
		{0411BDFB-9395-49D6-AE56-E1ACAD9014FA}.Release|Any CPU.Build.0 = Release|Any CPU
		{13B67311-4BA6-4360-8F3A-BE9D85E4AF59}.Debug|Any CPU.ActiveCfg = Debug|Any CPU
		{13B67311-4BA6-4360-8F3A-BE9D85E4AF59}.Debug|Any CPU.Build.0 = Debug|Any CPU
		{13B67311-4BA6-4360-8F3A-BE9D85E4AF59}.Release|Any CPU.ActiveCfg = Release|Any CPU
		{13B67311-4BA6-4360-8F3A-BE9D85E4AF59}.Release|Any CPU.Build.0 = Release|Any CPU
	EndGlobalSection
	GlobalSection(SolutionProperties) = preSolution
		HideSolutionNode = FALSE
	EndGlobalSection
	GlobalSection(ExtensibilityGlobals) = postSolution
		SolutionGuid = {72BFEDA8-5758-4B5D-9DE7-C33EA5815DFD}
	EndGlobalSection
EndGlobal
