
Microsoft Visual Studio Solution File, Format Version 12.00
# Visual Studio Version 17
VisualStudioVersion = 17.4.33213.308
MinimumVisualStudioVersion = 10.0.40219.1
Project("{9A19103F-16F7-4668-BE54-9A1E7A4F7556}") = "ChurnZero.Sdk", "ChurnZero.Sdk\ChurnZero.Sdk.csproj", "{23E89A37-4AFB-476F-8089-29C4394AB7C8}"
EndProject
Project("{9A19103F-16F7-4668-BE54-9A1E7A4F7556}") = "ChurnZero.SampleDotnet7Console", "ChurnZero.SampleDotnet7Console\ChurnZero.SampleDotnet7Console.csproj", "{7CCBF5C5-8F18-4C8C-AA85-2331D6FCD2B6}"
EndProject
Global
	GlobalSection(SolutionConfigurationPlatforms) = preSolution
		Debug|Any CPU = Debug|Any CPU
		Release|Any CPU = Release|Any CPU
	EndGlobalSection
	GlobalSection(ProjectConfigurationPlatforms) = postSolution
		{23E89A37-4AFB-476F-8089-29C4394AB7C8}.Debug|Any CPU.ActiveCfg = Debug|Any CPU
		{23E89A37-4AFB-476F-8089-29C4394AB7C8}.Debug|Any CPU.Build.0 = Debug|Any CPU
		{23E89A37-4AFB-476F-8089-29C4394AB7C8}.Release|Any CPU.ActiveCfg = Release|Any CPU
		{23E89A37-4AFB-476F-8089-29C4394AB7C8}.Release|Any CPU.Build.0 = Release|Any CPU
		{7CCBF5C5-8F18-4C8C-AA85-2331D6FCD2B6}.Debug|Any CPU.ActiveCfg = Debug|Any CPU
		{7CCBF5C5-8F18-4C8C-AA85-2331D6FCD2B6}.Debug|Any CPU.Build.0 = Debug|Any CPU
		{7CCBF5C5-8F18-4C8C-AA85-2331D6FCD2B6}.Release|Any CPU.ActiveCfg = Release|Any CPU
		{7CCBF5C5-8F18-4C8C-AA85-2331D6FCD2B6}.Release|Any CPU.Build.0 = Release|Any CPU
	EndGlobalSection
	GlobalSection(SolutionProperties) = preSolution
		HideSolutionNode = FALSE
	EndGlobalSection
	GlobalSection(ExtensibilityGlobals) = postSolution
		SolutionGuid = {72BFEDA8-5758-4B5D-9DE7-C33EA5815DFD}
	EndGlobalSection
EndGlobal
